
Microsoft Visual Studio Solution File, Format Version 12.00
# Visual Studio Version 16
VisualStudioVersion = 16.0.30225.117
MinimumVisualStudioVersion = 10.0.40219.1
Project("{FAE04EC0-301F-11D3-BF4B-00C04F79EFBC}") = "AdoConnection", "AdoConnection.csproj", "{2B05748B-07B4-4E39-A901-B3034288A666}"
EndProject
Global
	GlobalSection(SolutionConfigurationPlatforms) = preSolution
		Debug|Any CPU = Debug|Any CPU
		Release|Any CPU = Release|Any CPU
	EndGlobalSection
	GlobalSection(ProjectConfigurationPlatforms) = postSolution
		{2B05748B-07B4-4E39-A901-B3034288A666}.Debug|Any CPU.ActiveCfg = Debug|Any CPU
		{2B05748B-07B4-4E39-A901-B3034288A666}.Debug|Any CPU.Build.0 = Debug|Any CPU
		{2B05748B-07B4-4E39-A901-B3034288A666}.Release|Any CPU.ActiveCfg = Release|Any CPU
		{2B05748B-07B4-4E39-A901-B3034288A666}.Release|Any CPU.Build.0 = Release|Any CPU
	EndGlobalSection
	GlobalSection(SolutionProperties) = preSolution
		HideSolutionNode = FALSE
	EndGlobalSection
	GlobalSection(ExtensibilityGlobals) = postSolution
		SolutionGuid = {34A97ADE-5CFC-4CE6-8863-735B6E4A49C1}
	EndGlobalSection
EndGlobal
